Microsoft Visual Studio Solution File, Format Version 12.00
# Visual Studio Version 17
VisualStudioVersion = 17.5.2.0
MinimumVisualStudioVersion = 10.0.40219.1
Project("{FAE04EC0-301F-11D3-BF4B-00C04F79EFBC}") = "MH.Capstone.Tests.Acceptance", "MH.Capstone.Tests.Acceptance.csproj", "{99F92E82-9E38-D256-D986-2BC03B87FB86}"
EndProject
Global
	GlobalSection(SolutionConfigurationPlatforms) = preSolution
		Debug|Any CPU = Debug|Any CPU
		Release|Any CPU = Release|Any CPU
	EndGlobalSection
	GlobalSection(ProjectConfigurationPlatforms) = postSolution
		{99F92E82-9E38-D256-D986-2BC03B87FB86}.Debug|Any CPU.ActiveCfg = Debug|Any CPU
		{99F92E82-9E38-D256-D986-2BC03B87FB86}.Debug|Any CPU.Build.0 = Debug|Any CPU
		{99F92E82-9E38-D256-D986-2BC03B87FB86}.Release|Any CPU.ActiveCfg = Release|Any CPU
		{99F92E82-9E38-D256-D986-2BC03B87FB86}.Release|Any CPU.Build.0 = Release|Any CPU
	EndGlobalSection
	GlobalSection(SolutionProperties) = preSolution
		HideSolutionNode = FALSE
	EndGlobalSection
	GlobalSection(ExtensibilityGlobals) = postSolution
		SolutionGuid = {ABCD3EFE-ACA5-4B94-883C-F7A1F1EAE1D0}
	EndGlobalSection
EndGlobal
