
Microsoft Visual Studio Solution File, Format Version 12.00
# Visual Studio Version 17
VisualStudioVersion = 17.14.36908.2
MinimumVisualStudioVersion = 10.0.40219.1
Project("{FAE04EC0-301F-11D3-BF4B-00C04F79EFBC}") = "MH.Capstone.WebApp", "MH.Capstone.WebApp\MH.Capstone.WebApp.csproj", "{F8DE06DC-ECE2-45CD-B75F-964DAA0BC5BB}"
EndProject
Project("{FAE04EC0-301F-11D3-BF4B-00C04F79EFBC}") = "MH.Capstone.Domain", "MH.Capstone.Domain\MH.Capstone.Domain.csproj", "{8BE9015B-CE3C-43ED-86D9-3F731A141AC7}"
EndProject
Project("{FAE04EC0-301F-11D3-BF4B-00C04F79EFBC}") = "MH.Capstone.Domain.Tests.Unit", "MH.Capstone.Domain.Tests.Unit\MH.Capstone.Domain.Tests.Unit.csproj", "{E110E855-893E-484B-9B34-7342F9BAAFF8}"
EndProject
Project("{2150E333-8FDC-42A3-9474-1A3956D46DE8}") = "TestSuite", "TestSuite", "{02EA681E-C7D8-13C7-8484-4AC65E1B71E8}"
EndProject
Project("{FAE04EC0-301F-11D3-BF4B-00C04F79EFBC}") = "MH.Capstone.Tests.Acceptance", "MH.Capstone.Tests.Acceptance\MH.Capstone.Tests.Acceptance.csproj", "{993DDF82-C630-4BE7-AA78-5838C9F6E1EF}"
EndProject
Project("{FAE04EC0-301F-11D3-BF4B-00C04F79EFBC}") = "MH.Capstone.Tests.Integration", "MH.Capstone.Tests.Integration\MH.Capstone.Tests.Integration.csproj", "{BB6B2760-5D30-4B91-9079-323AA830DA7F}"
EndProject
Project("{FAE04EC0-301F-11D3-BF4B-00C04F79EFBC}") = "MH.Capstone.WebApp.Tests.Unit", "MH.Capstone.WebApp.Tests.Unit\MH.Capstone.WebApp.Tests.Unit.csproj", "{A0659029-5C88-4BF7-ACFF-EAEF23AEF14C}"
EndProject
Project("{FAE04EC0-301F-11D3-BF4B-00C04F79EFBC}") = "MH.Capstone.Tests.SharedInternals", "MH.Capstone.Tests.SharedInternals\MH.Capstone.Tests.SharedInternals.csproj", "{3C3B0B65-7DCF-4839-8D0D-7A4A07232897}"
EndProject
Global
	GlobalSection(SolutionConfigurationPlatforms) = preSolution
		Debug|Any CPU = Debug|Any CPU
		Release|Any CPU = Release|Any CPU
	EndGlobalSection
	GlobalSection(ProjectConfigurationPlatforms) = postSolution
		{F8DE06DC-ECE2-45CD-B75F-964DAA0BC5BB}.Debug|Any CPU.ActiveCfg = Debug|Any CPU
		{F8DE06DC-ECE2-45CD-B75F-964DAA0BC5BB}.Debug|Any CPU.Build.0 = Debug|Any CPU
		{F8DE06DC-ECE2-45CD-B75F-964DAA0BC5BB}.Release|Any CPU.ActiveCfg = Release|Any CPU
		{F8DE06DC-ECE2-45CD-B75F-964DAA0BC5BB}.Release|Any CPU.Build.0 = Release|Any CPU
		{8BE9015B-CE3C-43ED-86D9-3F731A141AC7}.Debug|Any CPU.ActiveCfg = Debug|Any CPU
		{8BE9015B-CE3C-43ED-86D9-3F731A141AC7}.Debug|Any CPU.Build.0 = Debug|Any CPU
		{8BE9015B-CE3C-43ED-86D9-3F731A141AC7}.Release|Any CPU.ActiveCfg = Release|Any CPU
		{8BE9015B-CE3C-43ED-86D9-3F731A141AC7}.Release|Any CPU.Build.0 = Release|Any CPU
		{E110E855-893E-484B-9B34-7342F9BAAFF8}.Debug|Any CPU.ActiveCfg = Debug|Any CPU
		{E110E855-893E-484B-9B34-7342F9BAAFF8}.Debug|Any CPU.Build.0 = Debug|Any CPU
		{E110E855-893E-484B-9B34-7342F9BAAFF8}.Release|Any CPU.ActiveCfg = Release|Any CPU
		{E110E855-893E-484B-9B34-7342F9BAAFF8}.Release|Any CPU.Build.0 = Release|Any CPU
		{993DDF82-C630-4BE7-AA78-5838C9F6E1EF}.Debug|Any CPU.ActiveCfg = Debug|Any CPU
		{993DDF82-C630-4BE7-AA78-5838C9F6E1EF}.Debug|Any CPU.Build.0 = Debug|Any CPU
		{993DDF82-C630-4BE7-AA78-5838C9F6E1EF}.Release|Any CPU.ActiveCfg = Release|Any CPU
		{993DDF82-C630-4BE7-AA78-5838C9F6E1EF}.Release|Any CPU.Build.0 = Release|Any CPU
		{BB6B2760-5D30-4B91-9079-323AA830DA7F}.Debug|Any CPU.ActiveCfg = Debug|Any CPU
		{BB6B2760-5D30-4B91-9079-323AA830DA7F}.Debug|Any CPU.Build.0 = Debug|Any CPU
		{BB6B2760-5D30-4B91-9079-323AA830DA7F}.Release|Any CPU.ActiveCfg = Release|Any CPU
		{BB6B2760-5D30-4B91-9079-323AA830DA7F}.Release|Any CPU.Build.0 = Release|Any CPU
		{A0659029-5C88-4BF7-ACFF-EAEF23AEF14C}.Debug|Any CPU.ActiveCfg = Debug|Any CPU
		{A0659029-5C88-4BF7-ACFF-EAEF23AEF14C}.Debug|Any CPU.Build.0 = Debug|Any CPU
		{A0659029-5C88-4BF7-ACFF-EAEF23AEF14C}.Release|Any CPU.ActiveCfg = Release|Any CPU
		{A0659029-5C88-4BF7-ACFF-EAEF23AEF14C}.Release|Any CPU.Build.0 = Release|Any CPU
		{3C3B0B65-7DCF-4839-8D0D-7A4A07232897}.Debug|Any CPU.ActiveCfg = Debug|Any CPU
		{3C3B0B65-7DCF-4839-8D0D-7A4A07232897}.Debug|Any CPU.Build.0 = Debug|Any CPU
		{3C3B0B65-7DCF-4839-8D0D-7A4A07232897}.Release|Any CPU.ActiveCfg = Release|Any CPU
		{3C3B0B65-7DCF-4839-8D0D-7A4A07232897}.Release|Any CPU.Build.0 = Release|Any CPU
	EndGlobalSection
	GlobalSection(SolutionProperties) = preSolution
		HideSolutionNode = FALSE
	EndGlobalSection
	GlobalSection(NestedProjects) = preSolution
		{E110E855-893E-484B-9B34-7342F9BAAFF8} = {02EA681E-C7D8-13C7-8484-4AC65E1B71E8}
		{993DDF82-C630-4BE7-AA78-5838C9F6E1EF} = {02EA681E-C7D8-13C7-8484-4AC65E1B71E8}
		{BB6B2760-5D30-4B91-9079-323AA830DA7F} = {02EA681E-C7D8-13C7-8484-4AC65E1B71E8}
		{A0659029-5C88-4BF7-ACFF-EAEF23AEF14C} = {02EA681E-C7D8-13C7-8484-4AC65E1B71E8}
		{3C3B0B65-7DCF-4839-8D0D-7A4A07232897} = {02EA681E-C7D8-13C7-8484-4AC65E1B71E8}
	EndGlobalSection
	GlobalSection(ExtensibilityGlobals) = postSolution
		SolutionGuid = {43BFFCF5-532E-45CC-A837-D875CE7B825B}
	EndGlobalSection
EndGlobal
